{
  "socketPath": "/tmp/mcp-GoUr6q/mcp.sock",
  "scheme": "unix",
  "headers": {
    "Authorization": "Nonce f665940e-0080-48ed-8518-3869f9df7543"
  },
  "pid": 27008,
  "ideName": "Visual Studio Code",
  "timestamp": 1778333576770,
  "workspaceFolders": [
    "/home/ubuntu"
  ],
  "isTrusted": true
}