{
  "socketPath": "/tmp/mcp-iuSzWo/mcp.sock",
  "scheme": "unix",
  "headers": {
    "Authorization": "Nonce 6f5d3e1b-eed0-47e3-8041-942e579d0fe5"
  },
  "pid": 18732,
  "ideName": "Visual Studio Code",
  "timestamp": 1778329333190,
  "workspaceFolders": [
    "/home/ubuntu"
  ],
  "isTrusted": true
}